
Microsoft Visual Studio Solution File, Format Version 12.00
# Visual Studio Version 16
VisualStudioVersion = 16.0.31402.337
MinimumVisualStudioVersion = 10.0.40219.1
Project("{FAE04EC0-301F-11D3-BF4B-00C04F79EFBC}") = "POS", "WindowsFormsApp1\POS.csproj", "{DFD04946-9BDA-4A0C-8FE3-3E4E9F503C9A}"
EndProject
Global
	GlobalSection(SolutionConfigurationPlatforms) = preSolution
		Debug|Any CPU = Debug|Any CPU
		Release|Any CPU = Release|Any CPU
	EndGlobalSection
	GlobalSection(ProjectConfigurationPlatforms) = postSolution
		{DFD04946-9BDA-4A0C-8FE3-3E4E9F503C9A}.Debug|Any CPU.ActiveCfg = Debug|Any CPU
		{DFD04946-9BDA-4A0C-8FE3-3E4E9F503C9A}.Debug|Any CPU.Build.0 = Debug|Any CPU
		{DFD04946-9BDA-4A0C-8FE3-3E4E9F503C9A}.Release|Any CPU.ActiveCfg = Release|Any CPU
		{DFD04946-9BDA-4A0C-8FE3-3E4E9F503C9A}.Release|Any CPU.Build.0 = Release|Any CPU
	EndGlobalSection
	GlobalSection(SolutionProperties) = preSolution
		HideSolutionNode = FALSE
	EndGlobalSection
	GlobalSection(ExtensibilityGlobals) = postSolution
		SolutionGuid = {BB6AAC9A-7FB9-4A3B-8581-E529616E60C9}
	EndGlobalSection
EndGlobal
